// !$*UTF8*$!
{
	archiveVersion = 1;
	classes = {
	};
	objectVersion = 48;
	objects = {

/* Begin PBXBuildFile section */
		8457ACA7209AED0F0095AE27 /* AppDelegate.m in Sources */ = {isa = PBXBuildFile; fileRef = 8457ACA6209AED0F0095AE27 /* AppDelegate.m */; };
		8457ACAA209AED0F0095AE27 /* ViewController.m in Sources */ = {isa = PBXBuildFile; fileRef = 8457ACA9209AED0F0095AE27 /* ViewController.m */; };
		8457ACAD209AED0F0095AE27 /* Main.storyboard in Resources */ = {isa = PBXBuildFile; fileRef = 8457ACAB209AED0F0095AE27 /* Main.storyboard */; };
		8457ACAF209AED0F0095AE27 /* Assets.xcassets in Resources */ = {isa = PBXBuildFile; fileRef = 8457ACAE209AED0F0095AE27 /* Assets.xcassets */; };
		8457ACB2209AED0F0095AE27 /* LaunchScreen.storyboard in Resources */ = {isa = PBXBuildFile; fileRef = 8457ACB0209AED0F0095AE27 /* LaunchScreen.storyboard */; };
		8457ACB5209AED0F0095AE27 /* main.m in Sources */ = {isa = PBXBuildFile; fileRef = 8457ACB4209AED0F0095AE27 /* main.m */; };
		8457ACBF209AED0F0095AE27 /* PrivateMallTests.m in Sources */ = {isa = PBXBuildFile; fileRef = 8457ACBE209AED0F0095AE27 /* PrivateMallTests.m */; };
		8457ACCA209AED0F0095AE27 /* PrivateMallUITests.m in Sources */ = {isa = PBXBuildFile; fileRef = 8457ACC9209AED0F0095AE27 /* PrivateMallUITests.m */; };
/* End PBXBuildFile section */

/* Begin PBXContainerItemProxy section */
		8457ACBB209AED0F0095AE27 /* PBXContainerItemProxy */ = {
			isa = PBXContainerItemProxy;
			containerPortal = 8457AC9A209AED0F0095AE27 /* Project object */;
			proxyType = 1;
			remoteGlobalIDString = 8457ACA1209AED0F0095AE27;
			remoteInfo = PrivateMall;
		};
		8457ACC6209AED0F0095AE27 /* PBXContainerItemProxy */ = {
			isa = PBXContainerItemProxy;
			containerPortal = 8457AC9A209AED0F0095AE27 /* Project object */;
			proxyType = 1;
			remoteGlobalIDString = 8457ACA1209AED0F0095AE27;
			remoteInfo = PrivateMall;
		};
/* End PBXContainerItemProxy section */

/* Begin PBXFileReference section */
		8457ACA2209AED0F0095AE27 /* PrivateMall.app */ = {isa = PBXFileReference; explicitFileType = wrapper.application; includeInIndex = 0; path = PrivateMall.app; sourceTree = BUILT_PRODUCTS_DIR; };
		8457ACA5209AED0F0095AE27 /* AppDelegate.h */ = {isa = PBXFileReference; lastKnownFileType = sourcecode.c.h; path = AppDelegate.h; sourceTree = "<group>"; };
		8457ACA6209AED0F0095AE27 /* AppDelegate.m */ = {isa = PBXFileReference; lastKnownFileType = sourcecode.c.objc; path = AppDelegate.m; sourceTree = "<group>"; };
		8457ACA8209AED0F0095AE27 /* ViewController.h */ = {isa = PBXFileReference; lastKnownFileType = sourcecode.c.h; path = ViewController.h; sourceTree = "<group>"; };
		8457ACA9209AED0F0095AE27 /* ViewController.m */ = {isa = PBXFileReference; lastKnownFileType = sourcecode.c.objc; path = ViewController.m; sourceTree = "<group>"; };
		8457ACAC209AED0F0095AE27 /* Base */ = {isa = PBXFileReference; lastKnownFileType = file.storyboard; name = Base; path = Base.lproj/Main.storyboard; sourceTree = "<group>"; };
		8457ACAE209AED0F0095AE27 /* Assets.xcassets */ = {isa = PBXFileReference; lastKnownFileType = folder.assetcatalog; path = Assets.xcassets; sourceTree = "<group>"; };
		8457ACB1209AED0F0095AE27 /* Base */ = {isa = PBXFileReference; lastKnownFileType = file.storyboard; name = Base; path = Base.lproj/LaunchScreen.storyboard; sourceTree = "<group>"; };
		8457ACB3209AED0F0095AE27 /* Info.plist */ = {isa = PBXFileReference; lastKnownFileType = text.plist.xml; path = Info.plist; sourceTree = "<group>"; };
		8457ACB4209AED0F0095AE27 /* main.m */ = {isa = PBXFileReference; lastKnownFileType = sourcecode.c.objc; path = main.m; sourceTree = "<group>"; };
		8457ACBA209AED0F0095AE27 /* PrivateMallTests.xctest */ = {isa = PBXFileReference; explicitFileType = wrapper.cfbundle; includeInIndex = 0; path = PrivateMallTests.xctest; sourceTree = BUILT_PRODUCTS_DIR; };
		8457ACBE209AED0F0095AE27 /* PrivateMallTests.m */ = {isa = PBXFileReference; lastKnownFileType = sourcecode.c.objc; path = PrivateMallTests.m; sourceTree = "<group>"; };
		8457ACC0209AED0F0095AE27 /* Info.plist */ = {isa = PBXFileReference; lastKnownFileType = text.plist.xml; path = Info.plist; sourceTree = "<group>"; };
		8457ACC5209AED0F0095AE27 /* PrivateMallUITests.xctest */ = {isa = PBXFileReference; explicitFileType = wrapper.cfbundle; includeInIndex = 0; path = PrivateMallUITests.xctest; sourceTree = BUILT_PRODUCTS_DIR; };
		8457ACC9209AED0F0095AE27 /* PrivateMallUITests.m */ = {isa = PBXFileReference; lastKnownFileType = sourcecode.c.objc; path = PrivateMallUITests.m; sourceTree = "<group>"; };
		8457ACCB209AED0F0095AE27 /* Info.plist */ = {isa = PBXFileReference; lastKnownFileType = text.plist.xml; path = Info.plist; sourceTree = "<group>"; };
/* End PBXFileReference section */

/* Begin PBXFrameworksBuildPhase section */
		8457AC9F209AED0F0095AE27 /* Frameworks */ = {
			isa = PBXFrameworksBuildPhase;
			buildActionMask = 2147483647;
			files = (
			);
			runOnlyForDeploymentPostprocessing = 0;
		};
		8457ACB7209AED0F0095AE27 /* Frameworks */ = {
			isa = PBXFrameworksBuildPhase;
			buildActionMask = 2147483647;
			files = (
			);
			runOnlyForDeploymentPostprocessing = 0;
		};
		8457ACC2209AED0F0095AE27 /* Frameworks */ = {
			isa = PBXFrameworksBuildPhase;
			buildActionMask = 2147483647;
			files = (
			);
			runOnlyForDeploymentPostprocessing = 0;
		};
/* End PBXFrameworksBuildPhase section */

/* Begin PBXGroup section */
		8457AC99209AED0F0095AE27 = {
			isa = PBXGroup;
			children = (
				8457ACA4209AED0F0095AE27 /* PrivateMall */,
				8457ACBD209AED0F0095AE27 /* PrivateMallTests */,
				8457ACC8209AED0F0095AE27 /* PrivateMallUITests */,
				8457ACA3209AED0F0095AE27 /* Products */,
			);
			sourceTree = "<group>";
		};
		8457ACA3209AED0F0095AE27 /* Products */ = {
			isa = PBXGroup;
			children = (
				8457ACA2209AED0F0095AE27 /* PrivateMall.app */,
				8457ACBA209AED0F0095AE27 /* PrivateMallTests.xctest */,
				8457ACC5209AED0F0095AE27 /* PrivateMallUITests.xctest */,
			);
			name = Products;
			sourceTree = "<group>";
		};
		8457ACA4209AED0F0095AE27 /* PrivateMall */ = {
			isa = PBXGroup;
			children = (
				8457ACA5209AED0F0095AE27 /* AppDelegate.h */,
				8457ACA6209AED0F0095AE27 /* AppDelegate.m */,
				8457ACA8209AED0F0095AE27 /* ViewController.h */,
				8457ACA9209AED0F0095AE27 /* ViewController.m */,
				8457ACAB209AED0F0095AE27 /* Main.storyboard */,
				8457ACAE209AED0F0095AE27 /* Assets.xcassets */,
				8457ACB0209AED0F0095AE27 /* LaunchScreen.storyboard */,
				8457ACB3209AED0F0095AE27 /* Info.plist */,
				8457ACB4209AED0F0095AE27 /* main.m */,
			);
			path = PrivateMall;
			sourceTree = "<group>";
		};
		8457ACBD209AED0F0095AE27 /* PrivateMallTests */ = {
			isa = PBXGroup;
			children = (
				8457ACBE209AED0F0095AE27 /* PrivateMallTests.m */,
				8457ACC0209AED0F0095AE27 /* Info.plist */,
			);
			path = PrivateMallTests;
			sourceTree = "<group>";
		};
		8457ACC8209AED0F0095AE27 /* PrivateMallUITests */ = {
			isa = PBXGroup;
			children = (
				8457ACC9209AED0F0095AE27 /* PrivateMallUITests.m */,
				8457ACCB209AED0F0095AE27 /* Info.plist */,
			);
			path = PrivateMallUITests;
			sourceTree = "<group>";
		};
/* End PBXGroup section */

/* Begin PBXNativeTarget section */
		8457ACA1209AED0F0095AE27 /* PrivateMall */ = {
			isa = PBXNativeTarget;
			buildConfigurationList = 8457ACCE209AED0F0095AE27 /* Build configuration list for PBXNativeTarget "PrivateMall" */;
			buildPhases = (
				8457AC9E209AED0F0095AE27 /* Sources */,
				8457AC9F209AED0F0095AE27 /* Frameworks */,
				8457ACA0209AED0F0095AE27 /* Resources */,
			);
			buildRules = (
			);
			dependencies = (
			);
			name = PrivateMall;
			productName = PrivateMall;
			productReference = 8457ACA2209AED0F0095AE27 /* PrivateMall.app */;
			productType = "com.apple.product-type.application";
		};
		8457ACB9209AED0F0095AE27 /* PrivateMallTests */ = {
			isa = PBXNativeTarget;
			buildConfigurationList = 8457ACD1209AED0F0095AE27 /* Build configuration list for PBXNativeTarget "PrivateMallTests" */;
			buildPhases = (
				8457ACB6209AED0F0095AE27 /* Sources */,
				8457ACB7209AED0F0095AE27 /* Frameworks */,
				8457ACB8209AED0F0095AE27 /* Resources */,
			);
			buildRules = (
			);
			dependencies = (
				8457ACBC209AED0F0095AE27 /* PBXTargetDependency */,
			);
			name = PrivateMallTests;
			productName = PrivateMallTests;
			productReference = 8457ACBA209AED0F0095AE27 /* PrivateMallTests.xctest */;
			productType = "com.apple.product-type.bundle.unit-test";
		};
		8457ACC4209AED0F0095AE27 /* PrivateMallUITests */ = {
			isa = PBXNativeTarget;
			buildConfigurationList = 8457ACD4209AED0F0095AE27 /* Build configuration list for PBXNativeTarget "PrivateMallUITests" */;
			buildPhases = (
				8457ACC1209AED0F0095AE27 /* Sources */,
				8457ACC2209AED0F0095AE27 /* Frameworks */,
				8457ACC3209AED0F0095AE27 /* Resources */,
			);
			buildRules = (
			);
			dependencies = (
				8457ACC7209AED0F0095AE27 /* PBXTargetDependency */,
			);
			name = PrivateMallUITests;
			productName = PrivateMallUITests;
			productReference = 8457ACC5209AED0F0095AE27 /* PrivateMallUITests.xctest */;
			productType = "com.apple.product-type.bundle.ui-testing";
		};
/* End PBXNativeTarget section */

/* Begin PBXProject section */
		8457AC9A209AED0F0095AE27 /* Project object */ = {
			isa = PBXProject;
			attributes = {
				LastUpgradeCheck = 0920;
				ORGANIZATIONNAME = "李广政";
				TargetAttributes = {
					8457ACA1209AED0F0095AE27 = {
						CreatedOnToolsVersion = 9.2;
						ProvisioningStyle = Automatic;
					};
					8457ACB9209AED0F0095AE27 = {
						CreatedOnToolsVersion = 9.2;
						ProvisioningStyle = Automatic;
						TestTargetID = 8457ACA1209AED0F0095AE27;
					};
					8457ACC4209AED0F0095AE27 = {
						CreatedOnToolsVersion = 9.2;
						ProvisioningStyle = Automatic;
						TestTargetID = 8457ACA1209AED0F0095AE27;
					};
				};
			};
			buildConfigurationList = 8457AC9D209AED0F0095AE27 /* Build configuration list for PBXProject "PrivateMall" */;
			compatibilityVersion = "Xcode 8.0";
			developmentRegion = en;
			hasScannedForEncodings = 0;
			knownRegions = (
				en,
				Base,
			);
			mainGroup = 8457AC99209AED0F0095AE27;
			productRefGroup = 8457ACA3209AED0F0095AE27 /* Products */;
			projectDirPath = "";
			projectRoot = "";
			targets = (
				8457ACA1209AED0F0095AE27 /* PrivateMall */,
				8457ACB9209AED0F0095AE27 /* PrivateMallTests */,
				8457ACC4209AED0F0095AE27 /* PrivateMallUITests */,
			);
		};
/* End PBXProject section */

/* Begin PBXResourcesBuildPhase section */
		8457ACA0209AED0F0095AE27 /* Resources */ = {
			isa = PBXResourcesBuildPhase;
			buildActionMask = 2147483647;
			files = (
				8457ACB2209AED0F0095AE27 /* LaunchScreen.storyboard in Resources */,
				8457ACAF209AED0F0095AE27 /* Assets.xcassets in Resources */,
				8457ACAD209AED0F0095AE27 /* Main.storyboard in Resources */,
			);
			runOnlyForDeploymentPostprocessing = 0;
		};
		8457ACB8209AED0F0095AE27 /* Resources */ = {
			isa = PBXResourcesBuildPhase;
			buildActionMask = 2147483647;
			files = (
			);
			runOnlyForDeploymentPostprocessing = 0;
		};
		8457ACC3209AED0F0095AE27 /* Resources */ = {
			isa = PBXResourcesBuildPhase;
			buildActionMask = 2147483647;
			files = (
			);
			runOnlyForDeploymentPostprocessing = 0;
		};
/* End PBXResourcesBuildPhase section */

/* Begin PBXSourcesBuildPhase section */
		8457AC9E209AED0F0095AE27 /* Sources */ = {
			isa = PBXSourcesBuildPhase;
			buildActionMask = 2147483647;
			files = (
				8457ACAA209AED0F0095AE27 /* ViewController.m in Sources */,
				8457ACB5209AED0F0095AE27 /* main.m in Sources */,
				8457ACA7209AED0F0095AE27 /* AppDelegate.m in Sources */,
			);
			runOnlyForDeploymentPostprocessing = 0;
		};
		8457ACB6209AED0F0095AE27 /* Sources */ = {
			isa = PBXSourcesBuildPhase;
			buildActionMask = 2147483647;
			files = (
				8457ACBF209AED0F0095AE27 /* PrivateMallTests.m in Sources */,
			);
			runOnlyForDeploymentPostprocessing = 0;
		};
		8457ACC1209AED0F0095AE27 /* Sources */ = {
			isa = PBXSourcesBuildPhase;
			buildActionMask = 2147483647;
			files = (
				8457ACCA209AED0F0095AE27 /* PrivateMallUITests.m in Sources */,
			);
			runOnlyForDeploymentPostprocessing = 0;
		};
/* End PBXSourcesBuildPhase section */

/* Begin PBXTargetDependency section */
		8457ACBC209AED0F0095AE27 /* PBXTargetDependency */ = {
			isa = PBXTargetDependency;
			target = 8457ACA1209AED0F0095AE27 /* PrivateMall */;
			targetProxy = 8457ACBB209AED0F0095AE27 /* PBXContainerItemProxy */;
		};
		8457ACC7209AED0F0095AE27 /* PBXTargetDependency */ = {
			isa = PBXTargetDependency;
			target = 8457ACA1209AED0F0095AE27 /* PrivateMall */;
			targetProxy = 8457ACC6209AED0F0095AE27 /* PBXContainerItemProxy */;
		};
/* End PBXTargetDependency section */

/* Begin PBXVariantGroup section */
		8457ACAB209AED0F0095AE27 /* Main.storyboard */ = {
			isa = PBXVariantGroup;
			children = (
				8457ACAC209AED0F0095AE27 /* Base */,
			);
			name = Main.storyboard;
			sourceTree = "<group>";
		};
		8457ACB0209AED0F0095AE27 /* LaunchScreen.storyboard */ = {
			isa = PBXVariantGroup;
			children = (
				8457ACB1209AED0F0095AE27 /* Base */,
			);
			name = LaunchScreen.storyboard;
			sourceTree = "<group>";
		};
/* End PBXVariantGroup section */

/* Begin XCBuildConfiguration section */
		8457ACCC209AED0F0095AE27 /* Debug */ = {
			isa = XCBuildConfiguration;
			buildSettings = {
				ALWAYS_SEARCH_USER_PATHS = NO;
				CLANG_ANALYZER_NONNULL = YES;
				CLANG_ANALYZER_NUMBER_OBJECT_CONVERSION = YES_AGGRESSIVE;
				CLANG_CXX_LANGUAGE_STANDARD = "gnu++14";
				CLANG_CXX_LIBRARY = "libc++";
				CLANG_ENABLE_MODULES = YES;
				CLANG_ENABLE_OBJC_ARC = YES;
				CLANG_WARN_BLOCK_CAPTURE_AUTORELEASING = YES;
				CLANG_WARN_BOOL_CONVERSION = YES;
				CLANG_WARN_COMMA = YES;
				CLANG_WARN_CONSTANT_CONVERSION = YES;
				CLANG_WARN_DIRECT_OBJC_ISA_USAGE = YES_ERROR;
				CLANG_WARN_DOCUMENTATION_COMMENTS = YES;
				CLANG_WARN_EMPTY_BODY = YES;
				CLANG_WARN_ENUM_CONVERSION = YES;
				CLANG_WARN_INFINITE_RECURSION = YES;
				CLANG_WARN_INT_CONVERSION = YES;
				CLANG_WARN_NON_LITERAL_NULL_CONVERSION = YES;
				CLANG_WARN_OBJC_LITERAL_CONVERSION = YES;
				CLANG_WARN_OBJC_ROOT_CLASS = YES_ERROR;
				CLANG_WARN_RANGE_LOOP_ANALYSIS = YES;
				CLANG_WARN_STRICT_PROTOTYPES = YES;
				CLANG_WARN_SUSPICIOUS_MOVE = YES;
				CLANG_WARN_UNGUARDED_AVAILABILITY = YES_AGGRESSIVE;
				CLANG_WARN_UNREACHABLE_CODE = YES;
				CLANG_WARN__DUPLICATE_METHOD_MATCH = YES;
				CODE_SIGN_IDENTITY = "iPhone Developer";
				COPY_PHASE_STRIP = NO;
				DEBUG_INFORMATION_FORMAT = dwarf;
				ENABLE_STRICT_OBJC_MSGSEND = YES;
				ENABLE_TESTABILITY = YES;
				GCC_C_LANGUAGE_STANDARD = gnu11;
				GCC_DYNAMIC_NO_PIC = NO;
				GCC_NO_COMMON_BLOCKS = YES;
				GCC_OPTIMIZATION_LEVEL = 0;
				GCC_PREPROCESSOR_DEFINITIONS = (
					"DEBUG=1",
					"$(inherited)",
				);
				GCC_WARN_64_TO_32_BIT_CONVERSION = YES;
				GCC_WARN_ABOUT_RETURN_TYPE = YES_ERROR;
				GCC_WARN_UNDECLARED_SELECTOR = YES;
				GCC_WARN_UNINITIALIZED_AUTOS = YES_AGGRESSIVE;
				GCC_WARN_UNUSED_FUNCTION = YES;
				GCC_WARN_UNUSED_VARIABLE = YES;
				IPHONEOS_DEPLOYMENT_TARGET = 11.2;
				MTL_ENABLE_DEBUG_INFO = YES;
				ONLY_ACTIVE_ARCH = YES;
				SDKROOT = iphoneos;
			};
			name = Debug;
		};
		8457ACCD209AED0F0095AE27 /* Release */ = {
			isa = XCBuildConfiguration;
			buildSettings = {
				ALWAYS_SEARCH_USER_PATHS = NO;
				CLANG_ANALYZER_NONNULL = YES;
				CLANG_ANALYZER_NUMBER_OBJECT_CONVERSION = YES_AGGRESSIVE;
				CLANG_CXX_LANGUAGE_STANDARD = "gnu++14";
				CLANG_CXX_LIBRARY = "libc++";
				CLANG_ENABLE_MODULES = YES;
				CLANG_ENABLE_OBJC_ARC = YES;
				CLANG_WARN_BLOCK_CAPTURE_AUTORELEASING = YES;
				CLANG_WARN_BOOL_CONVERSION = YES;
				CLANG_WARN_COMMA = YES;
				CLANG_WARN_CONSTANT_CONVERSION = YES;
				CLANG_WARN_DIRECT_OBJC_ISA_USAGE = YES_ERROR;
				CLANG_WARN_DOCUMENTATION_COMMENTS = YES;
				CLANG_WARN_EMPTY_BODY = YES;
				CLANG_WARN_ENUM_CONVERSION = YES;
				CLANG_WARN_INFINITE_RECURSION = YES;
				CLANG_WARN_INT_CONVERSION = YES;
				CLANG_WARN_NON_LITERAL_NULL_CONVERSION = YES;
				CLANG_WARN_OBJC_LITERAL_CONVERSION = YES;
				CLANG_WARN_OBJC_ROOT_CLASS = YES_ERROR;
				CLANG_WARN_RANGE_LOOP_ANALYSIS = YES;
				CLANG_WARN_STRICT_PROTOTYPES = YES;
				CLANG_WARN_SUSPICIOUS_MOVE = YES;
				CLANG_WARN_UNGUARDED_AVAILABILITY = YES_AGGRESSIVE;
				CLANG_WARN_UNREACHABLE_CODE = YES;
				CLANG_WARN__DUPLICATE_METHOD_MATCH = YES;
				CODE_SIGN_IDENTITY = "iPhone Developer";
				COPY_PHASE_STRIP = NO;
				DEBUG_INFORMATION_FORMAT = "dwarf-with-dsym";
				ENABLE_NS_ASSERTIONS = NO;
				ENABLE_STRICT_OBJC_MSGSEND = YES;
				GCC_C_LANGUAGE_STANDARD = gnu11;
				GCC_NO_COMMON_BLOCKS = YES;
				GCC_WARN_64_TO_32_BIT_CONVERSION = YES;
				GCC_WARN_ABOUT_RETURN_TYPE = YES_ERROR;
				GCC_WARN_UNDECLARED_SELECTOR = YES;
				GCC_WARN_UNINITIALIZED_AUTOS = YES_AGGRESSIVE;
				GCC_WARN_UNUSED_FUNCTION = YES;
				GCC_WARN_UNUSED_VARIABLE = YES;
				IPHONEOS_DEPLOYMENT_TARGET = 11.2;
				MTL_ENABLE_DEBUG_INFO = NO;
				SDKROOT = iphoneos;
				VALIDATE_PRODUCT = YES;
			};
			name = Release;
		};
		8457ACCF209AED0F0095AE27 /* Debug */ = {
			isa = XCBuildConfiguration;
			buildSettings = {
				ASSETCATALOG_COMPILER_APPICON_NAME = AppIcon;
				CODE_SIGN_STYLE = Automatic;
				DEVELOPMENT_TEAM = LN9YTWMXY2;
				INFOPLIST_FILE = PrivateMall/Info.plist;
				LD_RUNPATH_SEARCH_PATHS = "$(inherited) @executable_path/Frameworks";
				PRODUCT_BUNDLE_IDENTIFIER = lgz.PrivateMall;
				PRODUCT_NAME = "$(TARGET_NAME)";
				TARGETED_DEVICE_FAMILY = "1,2";
			};
			name = Debug;
		};
		8457ACD0209AED0F0095AE27 /* Release */ = {
			isa = XCBuildConfiguration;
			buildSettings = {
				ASSETCATALOG_COMPILER_APPICON_NAME = AppIcon;
				CODE_SIGN_STYLE = Automatic;
				DEVELOPMENT_TEAM = LN9YTWMXY2;
				INFOPLIST_FILE = PrivateMall/Info.plist;
				LD_RUNPATH_SEARCH_PATHS = "$(inherited) @executable_path/Frameworks";
				PRODUCT_BUNDLE_IDENTIFIER = lgz.PrivateMall;
				PRODUCT_NAME = "$(TARGET_NAME)";
				TARGETED_DEVICE_FAMILY = "1,2";
			};
			name = Release;
		};
		8457ACD2209AED0F0095AE27 /* Debug */ = {
			isa = XCBuildConfiguration;
			buildSettings = {
				BUNDLE_LOADER = "$(TEST_HOST)";
				CODE_SIGN_STYLE = Automatic;
				DEVELOPMENT_TEAM = LN9YTWMXY2;
				INFOPLIST_FILE = PrivateMallTests/Info.plist;
				LD_RUNPATH_SEARCH_PATHS = "$(inherited) @executable_path/Frameworks @loader_path/Frameworks";
				PRODUCT_BUNDLE_IDENTIFIER = lgz.PrivateMallTests;
				PRODUCT_NAME = "$(TARGET_NAME)";
				TARGETED_DEVICE_FAMILY = "1,2";
				TEST_HOST = "$(BUILT_PRODUCTS_DIR)/PrivateMall.app/PrivateMall";
			};
			name = Debug;
		};
		8457ACD3209AED0F0095AE27 /* Release */ = {
			isa = XCBuildConfiguration;
			buildSettings = {
				BUNDLE_LOADER = "$(TEST_HOST)";
				CODE_SIGN_STYLE = Automatic;
				DEVELOPMENT_TEAM = LN9YTWMXY2;
				INFOPLIST_FILE = PrivateMallTests/Info.plist;
				LD_RUNPATH_SEARCH_PATHS = "$(inherited) @executable_path/Frameworks @loader_path/Frameworks";
				PRODUCT_BUNDLE_IDENTIFIER = lgz.PrivateMallTests;
				PRODUCT_NAME = "$(TARGET_NAME)";
				TARGETED_DEVICE_FAMILY = "1,2";
				TEST_HOST = "$(BUILT_PRODUCTS_DIR)/PrivateMall.app/PrivateMall";
			};
			name = Release;
		};
		8457ACD5209AED0F0095AE27 /* Debug */ = {
			isa = XCBuildConfiguration;
			buildSettings = {
				CODE_SIGN_STYLE = Automatic;
				DEVELOPMENT_TEAM = LN9YTWMXY2;
				INFOPLIST_FILE = PrivateMallUITests/Info.plist;
				LD_RUNPATH_SEARCH_PATHS = "$(inherited) @executable_path/Frameworks @loader_path/Frameworks";
				PRODUCT_BUNDLE_IDENTIFIER = lgz.PrivateMallUITests;
				PRODUCT_NAME = "$(TARGET_NAME)";
				TARGETED_DEVICE_FAMILY = "1,2";
				TEST_TARGET_NAME = PrivateMall;
			};
			name = Debug;
		};
		8457ACD6209AED0F0095AE27 /* Release */ = {
			isa = XCBuildConfiguration;
			buildSettings = {
				CODE_SIGN_STYLE = Automatic;
				DEVELOPMENT_TEAM = LN9YTWMXY2;
				INFOPLIST_FILE = PrivateMallUITests/Info.plist;
				LD_RUNPATH_SEARCH_PATHS = "$(inherited) @executable_path/Frameworks @loader_path/Frameworks";
				PRODUCT_BUNDLE_IDENTIFIER = lgz.PrivateMallUITests;
				PRODUCT_NAME = "$(TARGET_NAME)";
				TARGETED_DEVICE_FAMILY = "1,2";
				TEST_TARGET_NAME = PrivateMall;
			};
			name = Release;
		};
/* End XCBuildConfiguration section */

/* Begin XCConfigurationList section */
		8457AC9D209AED0F0095AE27 /* Build configuration list for PBXProject "PrivateMall" */ = {
			isa = XCConfigurationList;
			buildConfigurations = (
				8457ACCC209AED0F0095AE27 /* Debug */,
				8457ACCD209AED0F0095AE27 /* Release */,
			);
			defaultConfigurationIsVisible = 0;
			defaultConfigurationName = Release;
		};
		8457ACCE209AED0F0095AE27 /* Build configuration list for PBXNativeTarget "PrivateMall" */ = {
			isa = XCConfigurationList;
			buildConfigurations = (
				8457ACCF209AED0F0095AE27 /* Debug */,
				8457ACD0209AED0F0095AE27 /* Release */,
			);
			defaultConfigurationIsVisible = 0;
			defaultConfigurationName = Release;
		};
		8457ACD1209AED0F0095AE27 /* Build configuration list for PBXNativeTarget "PrivateMallTests" */ = {
			isa = XCConfigurationList;
			buildConfigurations = (
				8457ACD2209AED0F0095AE27 /* Debug */,
				8457ACD3209AED0F0095AE27 /* Release */,
			);
			defaultConfigurationIsVisible = 0;
			defaultConfigurationName = Release;
		};
		8457ACD4209AED0F0095AE27 /* Build configuration list for PBXNativeTarget "PrivateMallUITests" */ = {
			isa = XCConfigurationList;
			buildConfigurations = (
				8457ACD5209AED0F0095AE27 /* Debug */,
				8457ACD6209AED0F0095AE27 /* Release */,
			);
			defaultConfigurationIsVisible = 0;
			defaultConfigurationName = Release;
		};
/* End XCConfigurationList section */
	};
	rootObject = 8457AC9A209AED0F0095AE27 /* Project object */;
}
